// !$*UTF8*$!
{
	archiveVersion = 1;
	classes = {
	};
	objectVersion = 56;
	objects = {

/* Begin PBXBuildFile section */
		24531FD8A13CA210BC31950D /* Pods_SwiftHooker.framework in Frameworks */ = {isa = PBXBuildFile; fileRef = 706F971ED91DC7B4AC63DBBA /* Pods_SwiftHooker.framework */; };
		912F86EF29ACFFE5000C444F /* UIKit.framework in Frameworks */ = {isa = PBXBuildFile; fileRef = 912F86EE29ACFFE5000C444F /* UIKit.framework */; };
		912F86F129ACFFE5000C444F /* Foundation.framework in Frameworks */ = {isa = PBXBuildFile; fileRef = 912F86F029ACFFE5000C444F /* Foundation.framework */; };
		912F86F329ACFFE5000C444F /* CydiaSubstrate.framework in Frameworks */ = {isa = PBXBuildFile; fileRef = 912F86F229ACFFE5000C444F /* CydiaSubstrate.framework */; };
		912F86FC29ACFFE5000C444F /* SwiftHooker.mm in Sources */ = {isa = PBXBuildFile; fileRef = 912F86FB29ACFFE5000C444F /* SwiftHooker.mm */; };
		912F870829AD019A000C444F /* BHHook.swift in Sources */ = {isa = PBXBuildFile; fileRef = 912F870729AD019A000C444F /* BHHook.swift */; };
/* End PBXBuildFile section */

/* Begin PBXFileReference section */
		6388FD12BA30ABE064E0994E /* Pods-SwiftHooker.release.xcconfig */ = {isa = PBXFileReference; includeInIndex = 1; lastKnownFileType = text.xcconfig; name = "Pods-SwiftHooker.release.xcconfig"; path = "Target Support Files/Pods-SwiftHooker/Pods-SwiftHooker.release.xcconfig"; sourceTree = "<group>"; };
		706F971ED91DC7B4AC63DBBA /* Pods_SwiftHooker.framework */ = {isa = PBXFileReference; explicitFileType = wrapper.framework; includeInIndex = 0; path = Pods_SwiftHooker.framework; sourceTree = BUILT_PRODUCTS_DIR; };
		912F86EB29ACFFE5000C444F /* SwiftHooker.dylib */ = {isa = PBXFileReference; explicitFileType = "compiled.mach-o.dylib"; includeInIndex = 0; path = SwiftHooker.dylib; sourceTree = BUILT_PRODUCTS_DIR; };
		912F86EE29ACFFE5000C444F /* UIKit.framework */ = {isa = PBXFileReference; lastKnownFileType = wrapper.framework; name = UIKit.framework; path = System/Library/Frameworks/UIKit.framework; sourceTree = SDKROOT; };
		912F86F029ACFFE5000C444F /* Foundation.framework */ = {isa = PBXFileReference; lastKnownFileType = wrapper.framework; name = Foundation.framework; path = System/Library/Frameworks/Foundation.framework; sourceTree = SDKROOT; };
		912F86F229ACFFE5000C444F /* CydiaSubstrate.framework */ = {isa = PBXFileReference; lastKnownFileType = wrapper.framework; name = CydiaSubstrate.framework; path = Library/Frameworks/CydiaSubstrate.framework; sourceTree = DEVELOPER_DIR; };
		912F86F729ACFFE5000C444F /* control */ = {isa = PBXFileReference; lastKnownFileType = text; path = control; sourceTree = "<group>"; };
		912F86F929ACFFE5000C444F /* SwiftHooker-Prefix.pch */ = {isa = PBXFileReference; lastKnownFileType = sourcecode.c.h; name = "SwiftHooker-Prefix.pch"; path = "../SwiftHooker-Prefix.pch"; sourceTree = "<group>"; };
		912F86FA29ACFFE5000C444F /* SwiftHooker.xm */ = {isa = PBXFileReference; explicitFileType = sourcecode.c.objc; path = SwiftHooker.xm; sourceTree = "<group>"; };
		912F86FB29ACFFE5000C444F /* SwiftHooker.mm */ = {isa = PBXFileReference; lastKnownFileType = sourcecode.cpp.objcpp; path = SwiftHooker.mm; sourceTree = "<group>"; };
		912F870029ACFFE5000C444F /* SwiftHooker.plist */ = {isa = PBXFileReference; lastKnownFileType = text.plist.xml; path = SwiftHooker.plist; sourceTree = "<group>"; };
		912F870629AD0199000C444F /* SwiftHooker-Bridging-Header.h */ = {isa = PBXFileReference; lastKnownFileType = sourcecode.c.h; path = "SwiftHooker-Bridging-Header.h"; sourceTree = "<group>"; };
		912F870729AD019A000C444F /* BHHook.swift */ = {isa = PBXFileReference; fileEncoding = 4; lastKnownFileType = sourcecode.swift; path = BHHook.swift; sourceTree = "<group>"; };
		D1A36590956EC2419E721B38 /* Pods-SwiftHooker.debug.xcconfig */ = {isa = PBXFileReference; includeInIndex = 1; lastKnownFileType = text.xcconfig; name = "Pods-SwiftHooker.debug.xcconfig"; path = "Target Support Files/Pods-SwiftHooker/Pods-SwiftHooker.debug.xcconfig"; sourceTree = "<group>"; };
/* End PBXFileReference section */

/* Begin PBXFrameworksBuildPhase section */
		912F86E729ACFFE5000C444F /* Frameworks */ = {
			isa = PBXFrameworksBuildPhase;
			buildActionMask = 2147483647;
			files = (
				912F86EF29ACFFE5000C444F /* UIKit.framework in Frameworks */,
				912F86F129ACFFE5000C444F /* Foundation.framework in Frameworks */,
				912F86F329ACFFE5000C444F /* CydiaSubstrate.framework in Frameworks */,
				24531FD8A13CA210BC31950D /* Pods_SwiftHooker.framework in Frameworks */,
			);
			runOnlyForDeploymentPostprocessing = 0;
		};
/* End PBXFrameworksBuildPhase section */

/* Begin PBXGroup section */
		1FDB380216C7D053EADBAF64 /* Pods */ = {
			isa = PBXGroup;
			children = (
				6388FD12BA30ABE064E0994E /* Pods-SwiftHooker.release.xcconfig */,
				D1A36590956EC2419E721B38 /* Pods-SwiftHooker.debug.xcconfig */,
			);
			path = Pods;
			sourceTree = "<group>";
		};
		912F86E029ACFFE5000C444F = {
			isa = PBXGroup;
			children = (
				912F86F429ACFFE5000C444F /* SwiftHooker */,
				912F86ED29ACFFE5000C444F /* Frameworks */,
				912F86EC29ACFFE5000C444F /* Products */,
				1FDB380216C7D053EADBAF64 /* Pods */,
			);
			sourceTree = "<group>";
		};
		912F86EC29ACFFE5000C444F /* Products */ = {
			isa = PBXGroup;
			children = (
				912F86EB29ACFFE5000C444F /* SwiftHooker.dylib */,
			);
			name = Products;
			sourceTree = "<group>";
		};
		912F86ED29ACFFE5000C444F /* Frameworks */ = {
			isa = PBXGroup;
			children = (
				912F86EE29ACFFE5000C444F /* UIKit.framework */,
				912F86F029ACFFE5000C444F /* Foundation.framework */,
				912F86F229ACFFE5000C444F /* CydiaSubstrate.framework */,
				706F971ED91DC7B4AC63DBBA /* Pods_SwiftHooker.framework */,
			);
			name = Frameworks;
			sourceTree = "<group>";
		};
		912F86F429ACFFE5000C444F /* SwiftHooker */ = {
			isa = PBXGroup;
			children = (
				912F86FA29ACFFE5000C444F /* SwiftHooker.xm */,
				912F86FB29ACFFE5000C444F /* SwiftHooker.mm */,
				912F870729AD019A000C444F /* BHHook.swift */,
				912F86F529ACFFE5000C444F /* Package */,
				912F86F829ACFFE5000C444F /* Supporting Files */,
				912F870629AD0199000C444F /* SwiftHooker-Bridging-Header.h */,
			);
			path = SwiftHooker;
			sourceTree = "<group>";
		};
		912F86F529ACFFE5000C444F /* Package */ = {
			isa = PBXGroup;
			children = (
				912F86F629ACFFE5000C444F /* DEBIAN */,
				912F86FD29ACFFE5000C444F /* Library */,
			);
			path = Package;
			sourceTree = "<group>";
		};
		912F86F629ACFFE5000C444F /* DEBIAN */ = {
			isa = PBXGroup;
			children = (
				912F86F729ACFFE5000C444F /* control */,
			);
			path = DEBIAN;
			sourceTree = "<group>";
		};
		912F86F829ACFFE5000C444F /* Supporting Files */ = {
			isa = PBXGroup;
			children = (
				912F86F929ACFFE5000C444F /* SwiftHooker-Prefix.pch */,
			);
			path = "Supporting Files";
			sourceTree = "<group>";
		};
		912F86FD29ACFFE5000C444F /* Library */ = {
			isa = PBXGroup;
			children = (
				912F86FE29ACFFE5000C444F /* MobileSubstrate */,
			);
			path = Library;
			sourceTree = "<group>";
		};
		912F86FE29ACFFE5000C444F /* MobileSubstrate */ = {
			isa = PBXGroup;
			children = (
				912F86FF29ACFFE5000C444F /* DynamicLibraries */,
			);
			path = MobileSubstrate;
			sourceTree = "<group>";
		};
		912F86FF29ACFFE5000C444F /* DynamicLibraries */ = {
			isa = PBXGroup;
			children = (
				912F870029ACFFE5000C444F /* SwiftHooker.plist */,
			);
			path = DynamicLibraries;
			sourceTree = "<group>";
		};
/* End PBXGroup section */

/* Begin PBXHeadersBuildPhase section */
		912F86E829ACFFE5000C444F /* Headers */ = {
			isa = PBXHeadersBuildPhase;
			buildActionMask = 2147483647;
			files = (
			);
			runOnlyForDeploymentPostprocessing = 0;
		};
/* End PBXHeadersBuildPhase section */

/* Begin PBXNativeTarget section */
		912F86EA29ACFFE5000C444F /* SwiftHooker */ = {
			isa = PBXNativeTarget;
			buildConfigurationList = 912F870329ACFFE5000C444F /* Build configuration list for PBXNativeTarget "SwiftHooker" */;
			buildPhases = (
				01537DF3B204FD4FDD12A7E8 /* [CP] Check Pods Manifest.lock */,
				912F86E529ACFFE5000C444F /* ShellScript */,
				912F86E629ACFFE5000C444F /* Sources */,
				912F86E729ACFFE5000C444F /* Frameworks */,
				912F86E829ACFFE5000C444F /* Headers */,
				912F86E929ACFFE5000C444F /* ShellScript */,
			);
			buildRules = (
			);
			dependencies = (
			);
			name = SwiftHooker;
			productName = SwiftHooker;
			productReference = 912F86EB29ACFFE5000C444F /* SwiftHooker.dylib */;
			productType = "com.apple.product-type.library.dynamic";
		};
/* End PBXNativeTarget section */

/* Begin PBXProject section */
		912F86E129ACFFE5000C444F /* Project object */ = {
			isa = PBXProject;
			attributes = {
				BuildIndependentTargetsInParallel = 1;
				LastUpgradeCheck = 1410;
				TargetAttributes = {
					912F86EA29ACFFE5000C444F = {
						CreatedOnToolsVersion = 14.1;
						LastSwiftMigration = 1410;
					};
				};
			};
			buildConfigurationList = 912F86E429ACFFE5000C444F /* Build configuration list for PBXProject "SwiftHooker" */;
			compatibilityVersion = "Xcode 14.0";
			developmentRegion = en;
			hasScannedForEncodings = 0;
			knownRegions = (
				en,
				Base,
			);
			mainGroup = 912F86E029ACFFE5000C444F;
			productRefGroup = 912F86EC29ACFFE5000C444F /* Products */;
			projectDirPath = "";
			projectRoot = "";
			targets = (
				912F86EA29ACFFE5000C444F /* SwiftHooker */,
			);
		};
/* End PBXProject section */

/* Begin PBXShellScriptBuildPhase section */
		01537DF3B204FD4FDD12A7E8 /* [CP] Check Pods Manifest.lock */ = {
			isa = PBXShellScriptBuildPhase;
			buildActionMask = 2147483647;
			files = (
			);
			inputFileListPaths = (
			);
			inputPaths = (
				"${PODS_PODFILE_DIR_PATH}/Podfile.lock",
				"${PODS_ROOT}/Manifest.lock",
			);
			name = "[CP] Check Pods Manifest.lock";
			outputFileListPaths = (
			);
			outputPaths = (
				"$(DERIVED_FILE_DIR)/Pods-SwiftHooker-checkManifestLockResult.txt",
			);
			runOnlyForDeploymentPostprocessing = 0;
			shellPath = /bin/sh;
			shellScript = "diff \"${PODS_PODFILE_DIR_PATH}/Podfile.lock\" \"${PODS_ROOT}/Manifest.lock\" > /dev/null\nif [ $? != 0 ] ; then\n    # print error to STDERR\n    echo \"error: The sandbox is not in sync with the Podfile.lock. Run 'pod install' or update your CocoaPods installation.\" >&2\n    exit 1\nfi\n# This output is used by Xcode 'outputs' to avoid re-running this script phase.\necho \"SUCCESS\" > \"${SCRIPT_OUTPUT_FILE_0}\"\n";
			showEnvVarsInLog = 0;
		};
		912F86E529ACFFE5000C444F /* ShellScript */ = {
			isa = PBXShellScriptBuildPhase;
			buildActionMask = 2147483647;
			files = (
			);
			inputFileListPaths = (
			);
			inputPaths = (
			);
			outputFileListPaths = (
			);
			outputPaths = (
			);
			runOnlyForDeploymentPostprocessing = 0;
			shellPath = /bin/sh;
			shellScript = "/opt/MonkeyDev/bin/md --xcbp-logos";
		};
		912F86E929ACFFE5000C444F /* ShellScript */ = {
			isa = PBXShellScriptBuildPhase;
			buildActionMask = 2147483647;
			files = (
			);
			inputFileListPaths = (
			);
			inputPaths = (
			);
			outputFileListPaths = (
			);
			outputPaths = (
			);
			runOnlyForDeploymentPostprocessing = 0;
			shellPath = /bin/sh;
			shellScript = "/opt/MonkeyDev/bin/md --xcbp";
		};
/* End PBXShellScriptBuildPhase section */

/* Begin PBXSourcesBuildPhase section */
		912F86E629ACFFE5000C444F /* Sources */ = {
			isa = PBXSourcesBuildPhase;
			buildActionMask = 2147483647;
			files = (
				912F870829AD019A000C444F /* BHHook.swift in Sources */,
				912F86FC29ACFFE5000C444F /* SwiftHooker.mm in Sources */,
			);
			runOnlyForDeploymentPostprocessing = 0;
		};
/* End PBXSourcesBuildPhase section */

/* Begin XCBuildConfiguration section */
		912F870129ACFFE5000C444F /* Release */ = {
			isa = XCBuildConfiguration;
			buildSettings = {
				COPY_PHASE_STRIP = YES;
				EXCLUDED_RECURSIVE_SEARCH_PATH_SUBDIRECTORIES = "*.nib *.lproj *.gch (*) .DS_Store CVS .svn .git .hg *.xcodeproj *.xcode *.pbproj *.pbxproj";
				FRAMEWORK_SEARCH_PATHS = (
					"$(MonkeyDevPath)/frameworks/**",
					"$(MonkeyDevTheosPath)/vendor/lib",
				);
				GCC_C_LANGUAGE_STANDARD = gnu99;
				GCC_WARN_ABOUT_MISSING_PROTOTYPES = YES;
				GCC_WARN_ABOUT_RETURN_TYPE = YES;
				GCC_WARN_UNUSED_VARIABLE = YES;
				HEADER_SEARCH_PATHS = "$(MonkeyDevTheosPath)/vendor/include/**";
				IPHONEOS_DEPLOYMENT_TARGET = 8.0;
				LIBRARY_SEARCH_PATHS = "$(MonkeyDevTheosPath)/vendor/lib/**";
				MonkeyDevPath = /opt/MonkeyDev;
				MonkeyDevTheosPath = /opt/theos;
				OTHER_CFLAGS = "-DTHEOS_INSTANCE_NAME=\"\\\"SwiftHooker\\\"\"";
				SDKROOT = iphoneos;
				TARGETED_DEVICE_FAMILY = "1,2";
				VALIDATE_PRODUCT = YES;
			};
			name = Release;
		};
		912F870229ACFFE5000C444F /* Debug */ = {
			isa = XCBuildConfiguration;
			buildSettings = {
				COPY_PHASE_STRIP = NO;
				EXCLUDED_RECURSIVE_SEARCH_PATH_SUBDIRECTORIES = "*.nib *.lproj *.gch (*) .DS_Store CVS .svn .git .hg *.xcodeproj *.xcode *.pbproj *.pbxproj";
				FRAMEWORK_SEARCH_PATHS = (
					"$(MonkeyDevPath)/frameworks/**",
					"$(MonkeyDevTheosPath)/vendor/lib",
				);
				GCC_C_LANGUAGE_STANDARD = gnu99;
				GCC_DYNAMIC_NO_PIC = NO;
				GCC_OPTIMIZATION_LEVEL = 0;
				GCC_PREPROCESSOR_DEFINITIONS = (
					"DEBUG=1",
					"$(inherited)",
				);
				GCC_SYMBOLS_PRIVATE_EXTERN = NO;
				GCC_WARN_ABOUT_MISSING_PROTOTYPES = YES;
				GCC_WARN_ABOUT_RETURN_TYPE = YES;
				GCC_WARN_UNUSED_VARIABLE = YES;
				HEADER_SEARCH_PATHS = "$(MonkeyDevTheosPath)/vendor/include/**";
				IPHONEOS_DEPLOYMENT_TARGET = 8.0;
				LIBRARY_SEARCH_PATHS = "$(MonkeyDevTheosPath)/vendor/lib/**";
				MonkeyDevPath = /opt/MonkeyDev;
				MonkeyDevTheosPath = /opt/theos;
				ONLY_ACTIVE_ARCH = YES;
				OTHER_CFLAGS = "-DTHEOS_INSTANCE_NAME=\"\\\"SwiftHooker\\\"\"";
				SDKROOT = iphoneos;
				TARGETED_DEVICE_FAMILY = "1,2";
				VALIDATE_PRODUCT = NO;
			};
			name = Debug;
		};
		912F870429ACFFE5000C444F /* Release */ = {
			isa = XCBuildConfiguration;
			baseConfigurationReference = 6388FD12BA30ABE064E0994E /* Pods-SwiftHooker.release.xcconfig */;
			buildSettings = {
				ARCHS = (
					"$(ARCHS_STANDARD)",
					arm64e,
				);
				CLANG_ENABLE_MODULES = YES;
				CLANG_ENABLE_OBJC_ARC = YES;
				CODE_SIGN_IDENTITY = "iPhone Developer";
				CODE_SIGN_STYLE = Automatic;
				DEVELOPMENT_TEAM = 5549UW99P6;
				DYLIB_COMPATIBILITY_VERSION = 1;
				DYLIB_CURRENT_VERSION = 1;
				GCC_PRECOMPILE_PREFIX_HEADER = YES;
				GCC_PREFIX_HEADER = "SwiftHooker/SwiftHooker-Prefix.pch";
				INSTALL_PATH = /Library/MobileSubstrate/DynamicLibraries;
				IPHONEOS_DEPLOYMENT_TARGET = 13.0;
				LD_RUNPATH_SEARCH_PATHS = (
					"$(inherited)",
					"@executable_path/Frameworks",
					"@loader_path/Frameworks",
				);
				MonkeyDevBuildPackageOnAnyBuild = NO;
				MonkeyDevClearUiCacheOnInstall = NO;
				MonkeyDevCopyOnBuild = NO;
				MonkeyDevDeviceIP = "";
				MonkeyDevDevicePassword = "";
				MonkeyDevDevicePort = "";
				MonkeyDevInstallOnAnyBuild = NO;
				MonkeyDevInstallOnProfiling = YES;
				MonkeyDevkillProcessOnInstall = SpringBoard;
				PRODUCT_NAME = "$(TARGET_NAME)";
				SUPPORTS_MACCATALYST = NO;
				SWIFT_OBJC_BRIDGING_HEADER = "SwiftHooker/SwiftHooker-Bridging-Header.h";
				SWIFT_VERSION = 5.0;
				TARGETED_DEVICE_FAMILY = "1,2";
			};
			name = Release;
		};
		912F870529ACFFE5000C444F /* Debug */ = {
			isa = XCBuildConfiguration;
			baseConfigurationReference = D1A36590956EC2419E721B38 /* Pods-SwiftHooker.debug.xcconfig */;
			buildSettings = {
				ARCHS = (
					"$(ARCHS_STANDARD)",
					arm64e,
				);
				CLANG_ENABLE_MODULES = YES;
				CLANG_ENABLE_OBJC_ARC = YES;
				CODE_SIGN_IDENTITY = "iPhone Developer";
				CODE_SIGN_STYLE = Automatic;
				DEVELOPMENT_TEAM = 5549UW99P6;
				DYLIB_COMPATIBILITY_VERSION = 1;
				DYLIB_CURRENT_VERSION = 1;
				GCC_PRECOMPILE_PREFIX_HEADER = YES;
				GCC_PREFIX_HEADER = "SwiftHooker/SwiftHooker-Prefix.pch";
				INSTALL_PATH = /Library/MobileSubstrate/DynamicLibraries;
				IPHONEOS_DEPLOYMENT_TARGET = 13.0;
				LD_RUNPATH_SEARCH_PATHS = (
					"$(inherited)",
					"@executable_path/Frameworks",
					"@loader_path/Frameworks",
				);
				MonkeyDevBuildPackageOnAnyBuild = NO;
				MonkeyDevClearUiCacheOnInstall = NO;
				MonkeyDevCopyOnBuild = NO;
				MonkeyDevDeviceIP = "";
				MonkeyDevDevicePassword = "";
				MonkeyDevDevicePort = "";
				MonkeyDevInstallOnAnyBuild = NO;
				MonkeyDevInstallOnProfiling = YES;
				MonkeyDevkillProcessOnInstall = SpringBoard;
				PRODUCT_NAME = "$(TARGET_NAME)";
				SUPPORTS_MACCATALYST = NO;
				SWIFT_OBJC_BRIDGING_HEADER = "SwiftHooker/SwiftHooker-Bridging-Header.h";
				SWIFT_OPTIMIZATION_LEVEL = "-Onone";
				SWIFT_VERSION = 5.0;
				TARGETED_DEVICE_FAMILY = "1,2";
			};
			name = Debug;
		};
/* End XCBuildConfiguration section */

/* Begin XCConfigurationList section */
		912F86E429ACFFE5000C444F /* Build configuration list for PBXProject "SwiftHooker" */ = {
			isa = XCConfigurationList;
			buildConfigurations = (
				912F870129ACFFE5000C444F /* Release */,
				912F870229ACFFE5000C444F /* Debug */,
			);
			defaultConfigurationIsVisible = 0;
			defaultConfigurationName = Release;
		};
		912F870329ACFFE5000C444F /* Build configuration list for PBXNativeTarget "SwiftHooker" */ = {
			isa = XCConfigurationList;
			buildConfigurations = (
				912F870429ACFFE5000C444F /* Release */,
				912F870529ACFFE5000C444F /* Debug */,
			);
			defaultConfigurationIsVisible = 0;
			defaultConfigurationName = Release;
		};
/* End XCConfigurationList section */
	};
	rootObject = 912F86E129ACFFE5000C444F /* Project object */;
}
